
Microsoft Visual Studio Solution File, Format Version 11.00
# Visual Studio 2010
Project("{00D1A9C2-B5F0-4AF3-8072-F6C62B433612}") = "mcCoreShield", "mcCoreShield\mcCoreShield.sqlproj", "{317B093E-AC80-474D-8097-FAAD1920B6CA}"
EndProject
Project("{00D1A9C2-B5F0-4AF3-8072-F6C62B433612}") = "mcFoodShield", "mcFoodShield\mcFoodShield.sqlproj", "{6486D8E7-E4F7-4562-9EB5-D071406A6282}"
EndProject
Global
	GlobalSection(SolutionConfigurationPlatforms) = preSolution
		Debug|Any CPU = Debug|Any CPU
		Release|Any CPU = Release|Any CPU
	EndGlobalSection
	GlobalSection(ProjectConfigurationPlatforms) = postSolution
		{317B093E-AC80-474D-8097-FAAD1920B6CA}.Debug|Any CPU.ActiveCfg = Debug|Any CPU
		{317B093E-AC80-474D-8097-FAAD1920B6CA}.Debug|Any CPU.Build.0 = Debug|Any CPU
		{317B093E-AC80-474D-8097-FAAD1920B6CA}.Debug|Any CPU.Deploy.0 = Debug|Any CPU
		{317B093E-AC80-474D-8097-FAAD1920B6CA}.Release|Any CPU.ActiveCfg = Release|Any CPU
		{317B093E-AC80-474D-8097-FAAD1920B6CA}.Release|Any CPU.Build.0 = Release|Any CPU
		{317B093E-AC80-474D-8097-FAAD1920B6CA}.Release|Any CPU.Deploy.0 = Release|Any CPU
		{6486D8E7-E4F7-4562-9EB5-D071406A6282}.Debug|Any CPU.ActiveCfg = Debug|Any CPU
		{6486D8E7-E4F7-4562-9EB5-D071406A6282}.Debug|Any CPU.Build.0 = Debug|Any CPU
		{6486D8E7-E4F7-4562-9EB5-D071406A6282}.Debug|Any CPU.Deploy.0 = Debug|Any CPU
		{6486D8E7-E4F7-4562-9EB5-D071406A6282}.Release|Any CPU.ActiveCfg = Release|Any CPU
		{6486D8E7-E4F7-4562-9EB5-D071406A6282}.Release|Any CPU.Build.0 = Release|Any CPU
		{6486D8E7-E4F7-4562-9EB5-D071406A6282}.Release|Any CPU.Deploy.0 = Release|Any CPU
	EndGlobalSection
	GlobalSection(SolutionProperties) = preSolution
		HideSolutionNode = FALSE
	EndGlobalSection
EndGlobal
